
Microsoft Visual Studio Solution File, Format Version 12.00
# Visual Studio 15
VisualStudioVersion = 15.0.27130.2010
MinimumVisualStudioVersion = 10.0.40219.1
Project("{FAE04EC0-301F-11D3-BF4B-00C04F79EFBC}") = "ASP_NET_MVC_Q5", "ASP_NET_MVC_Q5\ASP_NET_MVC_Q5.csproj", "{620A50F2-2D18-40C5-A3BF-B60740C181E1}"
EndProject
Global
	GlobalSection(SolutionConfigurationPlatforms) = preSolution
		Debug|Any CPU = Debug|Any CPU
		Release|Any CPU = Release|Any CPU
	EndGlobalSection
	GlobalSection(ProjectConfigurationPlatforms) = postSolution
		{620A50F2-2D18-40C5-A3BF-B60740C181E1}.Debug|Any CPU.ActiveCfg = Debug|Any CPU
		{620A50F2-2D18-40C5-A3BF-B60740C181E1}.Debug|Any CPU.Build.0 = Debug|Any CPU
		{620A50F2-2D18-40C5-A3BF-B60740C181E1}.Release|Any CPU.ActiveCfg = Release|Any CPU
		{620A50F2-2D18-40C5-A3BF-B60740C181E1}.Release|Any CPU.Build.0 = Release|Any CPU
	EndGlobalSection
	GlobalSection(SolutionProperties) = preSolution
		HideSolutionNode = FALSE
	EndGlobalSection
	GlobalSection(ExtensibilityGlobals) = postSolution
		SolutionGuid = {569D6EBE-DE45-4285-91C7-0594481C5B8F}
	EndGlobalSection
EndGlobal
